// !$*UTF8*$!
{
	archiveVersion = 1;
	classes = {
	};
	objectVersion = 46;
	objects = {

/* Begin PBXBuildFile section */
		B61985D01DF019F40030EDC2 /* AppDelegate.swift in Sources */ = {isa = PBXBuildFile; fileRef = B61985CF1DF019F40030EDC2 /* AppDelegate.swift */; };
		B61985D51DF019F40030EDC2 /* Main.storyboard in Resources */ = {isa = PBXBuildFile; fileRef = B61985D31DF019F40030EDC2 /* Main.storyboard */; };
		B61985D71DF019F40030EDC2 /* Assets.xcassets in Resources */ = {isa = PBXBuildFile; fileRef = B61985D61DF019F40030EDC2 /* Assets.xcassets */; };
		B61985DA1DF019F40030EDC2 /* LaunchScreen.storyboard in Resources */ = {isa = PBXBuildFile; fileRef = B61985D81DF019F40030EDC2 /* LaunchScreen.storyboard */; };
		B61985E21DF0209C0030EDC2 /* WeatherTableViewController.swift in Sources */ = {isa = PBXBuildFile; fileRef = B61985E11DF0209C0030EDC2 /* WeatherTableViewController.swift */; };
		B66C8D0F1DF0766B0036D5F6 /* DetailViewController.swift in Sources */ = {isa = PBXBuildFile; fileRef = B66C8D0E1DF0766B0036D5F6 /* DetailViewController.swift */; };
		B66C8D111DF113870036D5F6 /* CustomTableViewCell.swift in Sources */ = {isa = PBXBuildFile; fileRef = B66C8D101DF113870036D5F6 /* CustomTableViewCell.swift */; };
/* End PBXBuildFile section */

/* Begin PBXFileReference section */
		B61985CC1DF019F40030EDC2 /* MyWeatherApp.app */ = {isa = PBXFileReference; explicitFileType = wrapper.application; includeInIndex = 0; path = MyWeatherApp.app; sourceTree = BUILT_PRODUCTS_DIR; };
		B61985CF1DF019F40030EDC2 /* AppDelegate.swift */ = {isa = PBXFileReference; lastKnownFileType = sourcecode.swift; path = AppDelegate.swift; sourceTree = "<group>"; };
		B61985D41DF019F40030EDC2 /* Base */ = {isa = PBXFileReference; lastKnownFileType = file.storyboard; name = Base; path = Base.lproj/Main.storyboard; sourceTree = "<group>"; };
		B61985D61DF019F40030EDC2 /* Assets.xcassets */ = {isa = PBXFileReference; lastKnownFileType = folder.assetcatalog; path = Assets.xcassets; sourceTree = "<group>"; };
		B61985D91DF019F40030EDC2 /* Base */ = {isa = PBXFileReference; lastKnownFileType = file.storyboard; name = Base; path = Base.lproj/LaunchScreen.storyboard; sourceTree = "<group>"; };
		B61985DB1DF019F40030EDC2 /* Info.plist */ = {isa = PBXFileReference; lastKnownFileType = text.plist.xml; path = Info.plist; sourceTree = "<group>"; };
		B61985E11DF0209C0030EDC2 /* WeatherTableViewController.swift */ = {isa = PBXFileReference; fileEncoding = 4; lastKnownFileType = sourcecode.swift; path = WeatherTableViewController.swift; sourceTree = "<group>"; };
		B66C8D0E1DF0766B0036D5F6 /* DetailViewController.swift */ = {isa = PBXFileReference; fileEncoding = 4; lastKnownFileType = sourcecode.swift; path = DetailViewController.swift; sourceTree = "<group>"; };
		B66C8D101DF113870036D5F6 /* CustomTableViewCell.swift */ = {isa = PBXFileReference; fileEncoding = 4; lastKnownFileType = sourcecode.swift; path = CustomTableViewCell.swift; sourceTree = "<group>"; };
/* End PBXFileReference section */

/* Begin PBXFrameworksBuildPhase section */
		B61985C91DF019F30030EDC2 /* Frameworks */ = {
			isa = PBXFrameworksBuildPhase;
			buildActionMask = 2147483647;
			files = (
			);
			runOnlyForDeploymentPostprocessing = 0;
		};
/* End PBXFrameworksBuildPhase section */

/* Begin PBXGroup section */
		B61985C31DF019F30030EDC2 = {
			isa = PBXGroup;
			children = (
				B61985CE1DF019F40030EDC2 /* MyWeatherApp */,
				B61985CD1DF019F40030EDC2 /* Products */,
			);
			sourceTree = "<group>";
		};
		B61985CD1DF019F40030EDC2 /* Products */ = {
			isa = PBXGroup;
			children = (
				B61985CC1DF019F40030EDC2 /* MyWeatherApp.app */,
			);
			name = Products;
			sourceTree = "<group>";
		};
		B61985CE1DF019F40030EDC2 /* MyWeatherApp */ = {
			isa = PBXGroup;
			children = (
				B61985CF1DF019F40030EDC2 /* AppDelegate.swift */,
				B61985D31DF019F40030EDC2 /* Main.storyboard */,
				B66C8D0E1DF0766B0036D5F6 /* DetailViewController.swift */,
				B61985E11DF0209C0030EDC2 /* WeatherTableViewController.swift */,
				B61985D61DF019F40030EDC2 /* Assets.xcassets */,
				B61985D81DF019F40030EDC2 /* LaunchScreen.storyboard */,
				B61985DB1DF019F40030EDC2 /* Info.plist */,
				B66C8D101DF113870036D5F6 /* CustomTableViewCell.swift */,
			);
			path = MyWeatherApp;
			sourceTree = "<group>";
		};
/* End PBXGroup section */

/* Begin PBXNativeTarget section */
		B61985CB1DF019F30030EDC2 /* MyWeatherApp */ = {
			isa = PBXNativeTarget;
			buildConfigurationList = B61985DE1DF019F40030EDC2 /* Build configuration list for PBXNativeTarget "MyWeatherApp" */;
			buildPhases = (
				B61985C81DF019F30030EDC2 /* Sources */,
				B61985C91DF019F30030EDC2 /* Frameworks */,
				B61985CA1DF019F30030EDC2 /* Resources */,
			);
			buildRules = (
			);
			dependencies = (
			);
			name = MyWeatherApp;
			productName = MyWeatherApp;
			productReference = B61985CC1DF019F40030EDC2 /* MyWeatherApp.app */;
			productType = "com.apple.product-type.application";
		};
/* End PBXNativeTarget section */

/* Begin PBXProject section */
		B61985C41DF019F30030EDC2 /* Project object */ = {
			isa = PBXProject;
			attributes = {
				LastSwiftUpdateCheck = 0810;
				LastUpgradeCheck = 0810;
				ORGANIZATIONNAME = iOS;
				TargetAttributes = {
					B61985CB1DF019F30030EDC2 = {
						CreatedOnToolsVersion = 8.1;
						ProvisioningStyle = Automatic;
					};
				};
			};
			buildConfigurationList = B61985C71DF019F30030EDC2 /* Build configuration list for PBXProject "MyWeatherApp" */;
			compatibilityVersion = "Xcode 3.2";
			developmentRegion = English;
			hasScannedForEncodings = 0;
			knownRegions = (
				en,
				Base,
			);
			mainGroup = B61985C31DF019F30030EDC2;
			productRefGroup = B61985CD1DF019F40030EDC2 /* Products */;
			projectDirPath = "";
			projectRoot = "";
			targets = (
				B61985CB1DF019F30030EDC2 /* MyWeatherApp */,
			);
		};
/* End PBXProject section */

/* Begin PBXResourcesBuildPhase section */
		B61985CA1DF019F30030EDC2 /* Resources */ = {
			isa = PBXResourcesBuildPhase;
			buildActionMask = 2147483647;
			files = (
				B61985DA1DF019F40030EDC2 /* LaunchScreen.storyboard in Resources */,
				B61985D71DF019F40030EDC2 /* Assets.xcassets in Resources */,
				B61985D51DF019F40030EDC2 /* Main.storyboard in Resources */,
			);
			runOnlyForDeploymentPostprocessing = 0;
		};
/* End PBXResourcesBuildPhase section */

/* Begin PBXSourcesBuildPhase section */
		B61985C81DF019F30030EDC2 /* Sources */ = {
			isa = PBXSourcesBuildPhase;
			buildActionMask = 2147483647;
			files = (
				B66C8D0F1DF0766B0036D5F6 /* DetailViewController.swift in Sources */,
				B61985E21DF0209C0030EDC2 /* WeatherTableViewController.swift in Sources */,
				B66C8D111DF113870036D5F6 /* CustomTableViewCell.swift in Sources */,
				B61985D01DF019F40030EDC2 /* AppDelegate.swift in Sources */,
			);
			runOnlyForDeploymentPostprocessing = 0;
		};
/* End PBXSourcesBuildPhase section */

/* Begin PBXVariantGroup section */
		B61985D31DF019F40030EDC2 /* Main.storyboard */ = {
			isa = PBXVariantGroup;
			children = (
				B61985D41DF019F40030EDC2 /* Base */,
			);
			name = Main.storyboard;
			sourceTree = "<group>";
		};
		B61985D81DF019F40030EDC2 /* LaunchScreen.storyboard */ = {
			isa = PBXVariantGroup;
			children = (
				B61985D91DF019F40030EDC2 /* Base */,
			);
			name = LaunchScreen.storyboard;
			sourceTree = "<group>";
		};
/* End PBXVariantGroup section */

/* Begin XCBuildConfiguration section */
		B61985DC1DF019F40030EDC2 /* Debug */ = {
			isa = XCBuildConfiguration;
			buildSettings = {
				ALWAYS_SEARCH_USER_PATHS = NO;
				CLANG_ANALYZER_NONNULL = YES;
				CLANG_CXX_LANGUAGE_STANDARD = "gnu++0x";
				CLANG_CXX_LIBRARY = "libc++";
				CLANG_ENABLE_MODULES = YES;
				CLANG_ENABLE_OBJC_ARC = YES;
				CLANG_WARN_BOOL_CONVERSION = YES;
				CLANG_WARN_CONSTANT_CONVERSION = YES;
				CLANG_WARN_DIRECT_OBJC_ISA_USAGE = YES_ERROR;
				CLANG_WARN_DOCUMENTATION_COMMENTS = YES;
				CLANG_WARN_EMPTY_BODY = YES;
				CLANG_WARN_ENUM_CONVERSION = YES;
				CLANG_WARN_INFINITE_RECURSION = YES;
				CLANG_WARN_INT_CONVERSION = YES;
				CLANG_WARN_OBJC_ROOT_CLASS = YES_ERROR;
				CLANG_WARN_SUSPICIOUS_MOVES = YES;
				CLANG_WARN_UNREACHABLE_CODE = YES;
				CLANG_WARN__DUPLICATE_METHOD_MATCH = YES;
				"CODE_SIGN_IDENTITY[sdk=iphoneos*]" = "iPhone Developer";
				COPY_PHASE_STRIP = NO;
				DEBUG_INFORMATION_FORMAT = dwarf;
				ENABLE_STRICT_OBJC_MSGSEND = YES;
				ENABLE_TESTABILITY = YES;
				GCC_C_LANGUAGE_STANDARD = gnu99;
				GCC_DYNAMIC_NO_PIC = NO;
				GCC_NO_COMMON_BLOCKS = YES;
				GCC_OPTIMIZATION_LEVEL = 0;
				GCC_PREPROCESSOR_DEFINITIONS = (
					"DEBUG=1",
					"$(inherited)",
				);
				GCC_WARN_64_TO_32_BIT_CONVERSION = YES;
				GCC_WARN_ABOUT_RETURN_TYPE = YES_ERROR;
				GCC_WARN_UNDECLARED_SELECTOR = YES;
				GCC_WARN_UNINITIALIZED_AUTOS = YES_AGGRESSIVE;
				GCC_WARN_UNUSED_FUNCTION = YES;
				GCC_WARN_UNUSED_VARIABLE = YES;
				IPHONEOS_DEPLOYMENT_TARGET = 10.1;
				MTL_ENABLE_DEBUG_INFO = YES;
				ONLY_ACTIVE_ARCH = YES;
				SDKROOT = iphoneos;
				SWIFT_ACTIVE_COMPILATION_CONDITIONS = DEBUG;
				SWIFT_OPTIMIZATION_LEVEL = "-Onone";
			};
			name = Debug;
		};
		B61985DD1DF019F40030EDC2 /* Release */ = {
			isa = XCBuildConfiguration;
			buildSettings = {
				ALWAYS_SEARCH_USER_PATHS = NO;
				CLANG_ANALYZER_NONNULL = YES;
				CLANG_CXX_LANGUAGE_STANDARD = "gnu++0x";
				CLANG_CXX_LIBRARY = "libc++";
				CLANG_ENABLE_MODULES = YES;
				CLANG_ENABLE_OBJC_ARC = YES;
				CLANG_WARN_BOOL_CONVERSION = YES;
				CLANG_WARN_CONSTANT_CONVERSION = YES;
				CLANG_WARN_DIRECT_OBJC_ISA_USAGE = YES_ERROR;
				CLANG_WARN_DOCUMENTATION_COMMENTS = YES;
				CLANG_WARN_EMPTY_BODY = YES;
				CLANG_WARN_ENUM_CONVERSION = YES;
				CLANG_WARN_INFINITE_RECURSION = YES;
				CLANG_WARN_INT_CONVERSION = YES;
				CLANG_WARN_OBJC_ROOT_CLASS = YES_ERROR;
				CLANG_WARN_SUSPICIOUS_MOVES = YES;
				CLANG_WARN_UNREACHABLE_CODE = YES;
				CLANG_WARN__DUPLICATE_METHOD_MATCH = YES;
				"CODE_SIGN_IDENTITY[sdk=iphoneos*]" = "iPhone Developer";
				COPY_PHASE_STRIP = NO;
				DEBUG_INFORMATION_FORMAT = "dwarf-with-dsym";
				ENABLE_NS_ASSERTIONS = NO;
				ENABLE_STRICT_OBJC_MSGSEND = YES;
				GCC_C_LANGUAGE_STANDARD = gnu99;
				GCC_NO_COMMON_BLOCKS = YES;
				GCC_WARN_64_TO_32_BIT_CONVERSION = YES;
				GCC_WARN_ABOUT_RETURN_TYPE = YES_ERROR;
				GCC_WARN_UNDECLARED_SELECTOR = YES;
				GCC_WARN_UNINITIALIZED_AUTOS = YES_AGGRESSIVE;
				GCC_WARN_UNUSED_FUNCTION = YES;
				GCC_WARN_UNUSED_VARIABLE = YES;
				IPHONEOS_DEPLOYMENT_TARGET = 10.1;
				MTL_ENABLE_DEBUG_INFO = NO;
				SDKROOT = iphoneos;
				SWIFT_OPTIMIZATION_LEVEL = "-Owholemodule";
				VALIDATE_PRODUCT = YES;
			};
			name = Release;
		};
		B61985DF1DF019F40030EDC2 /* Debug */ = {
			isa = XCBuildConfiguration;
			buildSettings = {
				ASSETCATALOG_COMPILER_APPICON_NAME = AppIcon;
				INFOPLIST_FILE = MyWeatherApp/Info.plist;
				LD_RUNPATH_SEARCH_PATHS = "$(inherited) @executable_path/Frameworks";
				PRODUCT_BUNDLE_IDENTIFIER = com.walcron.MyWeatherApp;
				PRODUCT_NAME = "$(TARGET_NAME)";
				SWIFT_VERSION = 3.0;
			};
			name = Debug;
		};
		B61985E01DF019F40030EDC2 /* Release */ = {
			isa = XCBuildConfiguration;
			buildSettings = {
				ASSETCATALOG_COMPILER_APPICON_NAME = AppIcon;
				INFOPLIST_FILE = MyWeatherApp/Info.plist;
				LD_RUNPATH_SEARCH_PATHS = "$(inherited) @executable_path/Frameworks";
				PRODUCT_BUNDLE_IDENTIFIER = com.walcron.MyWeatherApp;
				PRODUCT_NAME = "$(TARGET_NAME)";
				SWIFT_VERSION = 3.0;
			};
			name = Release;
		};
/* End XCBuildConfiguration section */

/* Begin XCConfigurationList section */
		B61985C71DF019F30030EDC2 /* Build configuration list for PBXProject "MyWeatherApp" */ = {
			isa = XCConfigurationList;
			buildConfigurations = (
				B61985DC1DF019F40030EDC2 /* Debug */,
				B61985DD1DF019F40030EDC2 /* Release */,
			);
			defaultConfigurationIsVisible = 0;
			defaultConfigurationName = Release;
		};
		B61985DE1DF019F40030EDC2 /* Build configuration list for PBXNativeTarget "MyWeatherApp" */ = {
			isa = XCConfigurationList;
			buildConfigurations = (
				B61985DF1DF019F40030EDC2 /* Debug */,
				B61985E01DF019F40030EDC2 /* Release */,
			);
			defaultConfigurationIsVisible = 0;
			defaultConfigurationName = Release;
		};
/* End XCConfigurationList section */
	};
	rootObject = B61985C41DF019F30030EDC2 /* Project object */;
}
